
Microsoft Visual Studio Solution File, Format Version 12.00
# Visual Studio 15
VisualStudioVersion = 15.0.27703.2042
MinimumVisualStudioVersion = 10.0.40219.1
Project("{FAE04EC0-301F-11D3-BF4B-00C04F79EFBC}") = "OOP", "OOP\OOP.csproj", "{65E2BD84-788E-4D54-B707-1E18A5BC1CAC}"
EndProject
Global
	GlobalSection(SolutionConfigurationPlatforms) = preSolution
		Debug|Any CPU = Debug|Any CPU
		Release|Any CPU = Release|Any CPU
	EndGlobalSection
	GlobalSection(ProjectConfigurationPlatforms) = postSolution
		{65E2BD84-788E-4D54-B707-1E18A5BC1CAC}.Debug|Any CPU.ActiveCfg = Debug|Any CPU
		{65E2BD84-788E-4D54-B707-1E18A5BC1CAC}.Debug|Any CPU.Build.0 = Debug|Any CPU
		{65E2BD84-788E-4D54-B707-1E18A5BC1CAC}.Release|Any CPU.ActiveCfg = Release|Any CPU
		{65E2BD84-788E-4D54-B707-1E18A5BC1CAC}.Release|Any CPU.Build.0 = Release|Any CPU
	EndGlobalSection
	GlobalSection(SolutionProperties) = preSolution
		HideSolutionNode = FALSE
	EndGlobalSection
	GlobalSection(ExtensibilityGlobals) = postSolution
		SolutionGuid = {8F7D62DA-486B-4992-8ADF-EE4401F97807}
	EndGlobalSection
EndGlobal
